
Microsoft Visual Studio Solution File, Format Version 12.00
# Visual Studio Version 17
VisualStudioVersion = 17.2.32516.85
MinimumVisualStudioVersion = 10.0.40219.1
Project("{FAE04EC0-301F-11D3-BF4B-00C04F79EFBC}") = "Q2_B", "Q2_B.csproj", "{F74ED98D-6868-4944-9837-CA2E89B0675D}"
EndProject
Global
	GlobalSection(SolutionConfigurationPlatforms) = preSolution
		Debug|Any CPU = Debug|Any CPU
		Release|Any CPU = Release|Any CPU
	EndGlobalSection
	GlobalSection(ProjectConfigurationPlatforms) = postSolution
		{F74ED98D-6868-4944-9837-CA2E89B0675D}.Debug|Any CPU.ActiveCfg = Debug|Any CPU
		{F74ED98D-6868-4944-9837-CA2E89B0675D}.Debug|Any CPU.Build.0 = Debug|Any CPU
		{F74ED98D-6868-4944-9837-CA2E89B0675D}.Release|Any CPU.ActiveCfg = Release|Any CPU
		{F74ED98D-6868-4944-9837-CA2E89B0675D}.Release|Any CPU.Build.0 = Release|Any CPU
	EndGlobalSection
	GlobalSection(SolutionProperties) = preSolution
		HideSolutionNode = FALSE
	EndGlobalSection
	GlobalSection(ExtensibilityGlobals) = postSolution
		SolutionGuid = {A27E8978-BB09-473F-88AB-81609AA6DD6B}
	EndGlobalSection
EndGlobal
