
Microsoft Visual Studio Solution File, Format Version 12.00
# Visual Studio Version 17
VisualStudioVersion = 17.2.32516.85
MinimumVisualStudioVersion = 10.0.40219.1
Project("{FAE04EC0-301F-11D3-BF4B-00C04F79EFBC}") = "Q2_B", "Q2_B.csproj", "{40154C42-5CEA-4005-9AA1-2AF44104E42D}"
EndProject
Global
	GlobalSection(SolutionConfigurationPlatforms) = preSolution
		Debug|Any CPU = Debug|Any CPU
		Release|Any CPU = Release|Any CPU
	EndGlobalSection
	GlobalSection(ProjectConfigurationPlatforms) = postSolution
		{40154C42-5CEA-4005-9AA1-2AF44104E42D}.Debug|Any CPU.ActiveCfg = Debug|Any CPU
		{40154C42-5CEA-4005-9AA1-2AF44104E42D}.Debug|Any CPU.Build.0 = Debug|Any CPU
		{40154C42-5CEA-4005-9AA1-2AF44104E42D}.Release|Any CPU.ActiveCfg = Release|Any CPU
		{40154C42-5CEA-4005-9AA1-2AF44104E42D}.Release|Any CPU.Build.0 = Release|Any CPU
	EndGlobalSection
	GlobalSection(SolutionProperties) = preSolution
		HideSolutionNode = FALSE
	EndGlobalSection
	GlobalSection(ExtensibilityGlobals) = postSolution
		SolutionGuid = {0A60334C-D796-49AE-AC25-4187B1508B87}
	EndGlobalSection
EndGlobal
